
Microsoft Visual Studio Solution File, Format Version 11.00
# Visual Studio 2010
Project("{FAE04EC0-301F-11D3-BF4B-00C04F79EFBC}") = "ILMerge.NAnt.Tasks", "ILMerge.NAnt.Tasks\ILMerge.NAnt.Tasks.csproj", "{C54806C2-94A8-4168-B039-F58DF25319C0}"
EndProject
Project("{FAE04EC0-301F-11D3-BF4B-00C04F79EFBC}") = "ILMerge.MSBuild.Tasks", "ILMerge.MSBuild.Tasks\ILMerge.MSBuild.Tasks.csproj", "{010A9219-E155-4A39-9194-A6FD8743D0CA}"
EndProject
Project("{2150E333-8FDC-42A3-9474-1A3956D46DE8}") = ".nuget", ".nuget", "{1B896728-6C18-45BD-B210-6EDAFC6D1AB6}"
	ProjectSection(SolutionItems) = preProject
		.nuget\NuGet.Config = .nuget\NuGet.Config
		.nuget\NuGet.exe = .nuget\NuGet.exe
		.nuget\NuGet.targets = .nuget\NuGet.targets
		.nuget\packages.config = .nuget\packages.config
	EndProjectSection
EndProject
Project("{2150E333-8FDC-42A3-9474-1A3956D46DE8}") = "Solution Items", "Solution Items", "{FA373559-E83A-4C5F-A323-FD997BC381F3}"
	ProjectSection(SolutionItems) = preProject
		README.md = README.md
	EndProjectSection
EndProject
Global
	GlobalSection(SolutionConfigurationPlatforms) = preSolution
		Debug|Any CPU = Debug|Any CPU
		Release|Any CPU = Release|Any CPU
		ReleaseWithoutMerge|Any CPU = ReleaseWithoutMerge|Any CPU
	EndGlobalSection
	GlobalSection(ProjectConfigurationPlatforms) = postSolution
		{C54806C2-94A8-4168-B039-F58DF25319C0}.Debug|Any CPU.ActiveCfg = Debug|Any CPU
		{C54806C2-94A8-4168-B039-F58DF25319C0}.Debug|Any CPU.Build.0 = Debug|Any CPU
		{C54806C2-94A8-4168-B039-F58DF25319C0}.Release|Any CPU.ActiveCfg = Release|Any CPU
		{C54806C2-94A8-4168-B039-F58DF25319C0}.Release|Any CPU.Build.0 = Release|Any CPU
		{C54806C2-94A8-4168-B039-F58DF25319C0}.ReleaseWithoutMerge|Any CPU.ActiveCfg = ReleaseWithoutMerge|Any CPU
		{C54806C2-94A8-4168-B039-F58DF25319C0}.ReleaseWithoutMerge|Any CPU.Build.0 = ReleaseWithoutMerge|Any CPU
		{010A9219-E155-4A39-9194-A6FD8743D0CA}.Debug|Any CPU.ActiveCfg = Debug|Any CPU
		{010A9219-E155-4A39-9194-A6FD8743D0CA}.Debug|Any CPU.Build.0 = Debug|Any CPU
		{010A9219-E155-4A39-9194-A6FD8743D0CA}.Release|Any CPU.ActiveCfg = Release|Any CPU
		{010A9219-E155-4A39-9194-A6FD8743D0CA}.Release|Any CPU.Build.0 = Release|Any CPU
		{010A9219-E155-4A39-9194-A6FD8743D0CA}.ReleaseWithoutMerge|Any CPU.ActiveCfg = ReleaseWithoutMerge|Any CPU
		{010A9219-E155-4A39-9194-A6FD8743D0CA}.ReleaseWithoutMerge|Any CPU.Build.0 = ReleaseWithoutMerge|Any CPU
	EndGlobalSection
	GlobalSection(SolutionProperties) = preSolution
		HideSolutionNode = FALSE
	EndGlobalSection
EndGlobal
